# This is a Gradle generated file for dependency locking.
# Manual edits can break the build and are not advised.
# This file is expected to be part of source control.
antlr:antlr:2.7.7
com.fasterxml.jackson.core:jackson-annotations:2.9.0
com.fasterxml.jackson.core:jackson-core:2.9.8
com.fasterxml.jackson.core:jackson-databind:2.9.8
com.github.andrewoma.dexx:collection:0.7
com.github.cliftonlabs:json-simple:2.3.1
com.github.jsonld-java:jsonld-java:0.12.1
com.github.spullara.mustache.java:compiler:0.7.9
com.github.virtuald:curvesapi:1.04
com.google.code.findbugs:jsr305:1.3.9
com.google.code.gson:gson:2.8.0
com.google.errorprone:error_prone_annotations:2.1.3
com.google.guava:guava:24.1.1-jre
com.google.j2objc:j2objc-annotations:1.1
commons-cli:commons-cli:1.4
commons-codec:commons-codec:1.11
commons-io:commons-io:2.6
commons-logging:commons-logging:1.2
junit:junit:4.12
net.sf.opencsv:opencsv:2.3
net.sf.saxon:saxon-dom:8.7
net.sf.saxon:saxon:8.7
nu.validator.htmlparser:htmlparser:1.4
org.antlr:ST4:4.0.4
org.antlr:antlr-runtime:3.4
org.antlr:antlr:3.4
org.antlr:stringtemplate:3.2.1
org.apache.commons:commons-collections4:4.1
org.apache.commons:commons-compress:1.18
org.apache.commons:commons-csv:1.5
org.apache.commons:commons-lang3:3.4
org.apache.httpcomponents:httpclient-cache:4.5.5
org.apache.httpcomponents:httpclient:4.5.6
org.apache.httpcomponents:httpcore:4.4.10
org.apache.jena:apache-jena-libs:3.10.0
org.apache.jena:jena-arq:3.10.0
org.apache.jena:jena-base:3.10.0
org.apache.jena:jena-core:3.10.0
org.apache.jena:jena-dboe-base:3.10.0
org.apache.jena:jena-dboe-index:3.10.0
org.apache.jena:jena-dboe-trans-data:3.10.0
org.apache.jena:jena-dboe-transaction:3.10.0
org.apache.jena:jena-iri:3.10.0
org.apache.jena:jena-rdfconnection:3.10.0
org.apache.jena:jena-shaded-guava:3.10.0
org.apache.jena:jena-tdb2:3.10.0
org.apache.jena:jena-tdb:3.10.0
org.apache.logging.log4j:log4j-api:2.10.0
org.apache.maven.scm:maven-scm:1.11.2
org.apache.poi:poi-ooxml-schemas:3.17
org.apache.poi:poi-ooxml:3.17
org.apache.poi:poi:3.17
org.apache.thrift:libthrift:0.12.0
org.apache.xmlbeans:xmlbeans:2.6.0
org.checkerframework:checker-compat-qual:2.0.0
org.codehaus.mojo:animal-sniffer-annotations:1.14
org.codehaus.plexus:plexus-utils:3.1.0
org.hamcrest:hamcrest-core:1.3
org.jsoup:jsoup:1.11.3
org.slf4j:jcl-over-slf4j:1.7.25
org.slf4j:slf4j-api:1.7.25
org.spdx:spdx-tools:2.1.16
org.spockframework:spock-core:1.3-groovy-2.5
stax:stax-api:1.0.1
